<?xml version="1.0" encoding="utf-8"?>
<Project ToolsVersion="4.0" xmlns="http://schemas.microsoft.com/developer/msbuild/2003">
  <ItemGroup>
    <Filter Include="Source Files">
      <UniqueIdentifier>{4FC737F1-C7A5-4376-A066-2A32D752A2FF}</UniqueIdentifier>
      <Extensions>cpp;c;cc;cxx;def;odl;idl;hpj;bat;asm;asmx</Extensions>
    </Filter>
    <Filter Include="Header Files">
      <UniqueIdentifier>{93995380-89BD-4b04-88EB-625FBE52EBFB}</UniqueIdentifier>
      <Extensions>h;hh;hpp;hxx;hm;inl;inc;ipp;xsd</Extensions>
    </Filter>
    <Filter Include="Resource Files">
      <UniqueIdentifier>{67DA6AB6-F800-4c08-8B7A-83BB121AAD01}</UniqueIdentifier>
      <Extensions>rc;ico;cur;bmp;dlg;rc2;rct;bin;rgs;gif;jpg;jpeg;jpe;resx;tiff;tif;png;wav;mfcribbon-ms</Extensions>
    </Filter>
    <Filter Include="Source Files\inih">
      <UniqueIdentifier>{361a6066-b4de-45ae-9281-3510053da821}</UniqueIdentifier>
    </Filter>
    <Filter Include="Source Files\inih\cpp">
      <UniqueIdentifier>{d54df037-5df7-499a-88f3-793160f3c46c}</UniqueIdentifier>
    </Filter>
    <Filter Include="Header Files\inih">
      <UniqueIdentifier>{a7106206-a8ba-4f74-8176-88dbe3fb1177}</UniqueIdentifier>
    </Filter>
    <Filter Include="Header Files\inih\cpp">
      <UniqueIdentifier>{8a8de7ab-98ce-4d1c-a7e5-498932f6e9e0}</UniqueIdentifier>
    </Filter>
  </ItemGroup>
  <ItemGroup>
    <ClCompile Include="src\gamepad.cpp">
      <Filter>Source Files</Filter>
    </ClCompile>
    <ClCompile Include="src\main.cpp">
      <Filter>Source Files</Filter>
    </ClCompile>
    <ClCompile Include="src\config.cpp">
      <Filter>Source Files</Filter>
    </ClCompile>
    <ClCompile Include="src\inih\ini.c">
      <Filter>Source Files\inih</Filter>
    </ClCompile>
    <ClCompile Include="src\inih\cpp\INIReader.cpp">
      <Filter>Source Files\inih\cpp</Filter>
    </ClCompile>
  </ItemGroup>
  <ItemGroup>
    <ClInclude Include="src\gamepad.h">
      <Filter>Header Files</Filter>
    </ClInclude>
    <ClInclude Include="src\main.h">
      <Filter>Header Files</Filter>
    </ClInclude>
    <ClInclude Include="src\config.h">
      <Filter>Header Files</Filter>
    </ClInclude>
    <ClInclude Include="src\inih\ini.h">
      <Filter>Header Files\inih</Filter>
    </ClInclude>
    <ClInclude Include="src\inih\cpp\INIReader.h">
      <Filter>Header Files\inih</Filter>
    </ClInclude>
  </ItemGroup>
</Project>